
Microsoft Visual Studio Solution File, Format Version 12.00
Project("{2150E333-8FDC-42A3-9474-1A3956D46DE8}") = "src", "src", "{CB260CD8-DAAC-4627-BD9E-F3D9C8E9D298}"
EndProject
Project("{2150E333-8FDC-42A3-9474-1A3956D46DE8}") = "samples", "samples", "{55AB1F19-4617-424A-8ACE-17C0D780B1AC}"
EndProject
Project("{2150E333-8FDC-42A3-9474-1A3956D46DE8}") = "tests", "tests", "{8E3B269B-4CFF-49F2-8CBB-D5570D19DE63}"
EndProject
Project("{FAE04EC0-301F-11D3-BF4B-00C04F79EFBC}") = "Pico.DI.Sample", "samples\Pico.DI.Sample\Pico.DI.Sample.csproj", "{E4847E48-8910-4C6F-89B2-E08496C7D8CD}"
EndProject
Project("{FAE04EC0-301F-11D3-BF4B-00C04F79EFBC}") = "Pico.DI.Abs", "src\Pico.DI.Abs\Pico.DI.Abs.csproj", "{C70EA997-EEEA-42A4-867D-819C14554EE2}"
EndProject
Project("{FAE04EC0-301F-11D3-BF4B-00C04F79EFBC}") = "Pico.DI", "src\Pico.DI\Pico.DI.csproj", "{E3C06441-138B-44A9-9E16-D6CCE94AFA09}"
EndProject
Project("{FAE04EC0-301F-11D3-BF4B-00C04F79EFBC}") = "Pico.DI.Test", "tests\Pico.DI.Test\Pico.DI.Test.csproj", "{66EB10CA-1457-42CB-A327-62B1D9F7233F}"
EndProject
Global
	GlobalSection(SolutionConfigurationPlatforms) = preSolution
		Debug|Any CPU = Debug|Any CPU
		Release|Any CPU = Release|Any CPU
	EndGlobalSection
	GlobalSection(NestedProjects) = preSolution
		{E4847E48-8910-4C6F-89B2-E08496C7D8CD} = {55AB1F19-4617-424A-8ACE-17C0D780B1AC}
		{C70EA997-EEEA-42A4-867D-819C14554EE2} = {CB260CD8-DAAC-4627-BD9E-F3D9C8E9D298}
		{E3C06441-138B-44A9-9E16-D6CCE94AFA09} = {CB260CD8-DAAC-4627-BD9E-F3D9C8E9D298}
		{66EB10CA-1457-42CB-A327-62B1D9F7233F} = {8E3B269B-4CFF-49F2-8CBB-D5570D19DE63}
	EndGlobalSection
	GlobalSection(ProjectConfigurationPlatforms) = postSolution
		{E4847E48-8910-4C6F-89B2-E08496C7D8CD}.Debug|Any CPU.ActiveCfg = Debug|Any CPU
		{E4847E48-8910-4C6F-89B2-E08496C7D8CD}.Debug|Any CPU.Build.0 = Debug|Any CPU
		{E4847E48-8910-4C6F-89B2-E08496C7D8CD}.Release|Any CPU.ActiveCfg = Release|Any CPU
		{E4847E48-8910-4C6F-89B2-E08496C7D8CD}.Release|Any CPU.Build.0 = Release|Any CPU
		{C70EA997-EEEA-42A4-867D-819C14554EE2}.Debug|Any CPU.ActiveCfg = Debug|Any CPU
		{C70EA997-EEEA-42A4-867D-819C14554EE2}.Debug|Any CPU.Build.0 = Debug|Any CPU
		{C70EA997-EEEA-42A4-867D-819C14554EE2}.Release|Any CPU.ActiveCfg = Release|Any CPU
		{C70EA997-EEEA-42A4-867D-819C14554EE2}.Release|Any CPU.Build.0 = Release|Any CPU
		{E3C06441-138B-44A9-9E16-D6CCE94AFA09}.Debug|Any CPU.ActiveCfg = Debug|Any CPU
		{E3C06441-138B-44A9-9E16-D6CCE94AFA09}.Debug|Any CPU.Build.0 = Debug|Any CPU
		{E3C06441-138B-44A9-9E16-D6CCE94AFA09}.Release|Any CPU.ActiveCfg = Release|Any CPU
		{E3C06441-138B-44A9-9E16-D6CCE94AFA09}.Release|Any CPU.Build.0 = Release|Any CPU
		{66EB10CA-1457-42CB-A327-62B1D9F7233F}.Debug|Any CPU.ActiveCfg = Debug|Any CPU
		{66EB10CA-1457-42CB-A327-62B1D9F7233F}.Debug|Any CPU.Build.0 = Debug|Any CPU
		{66EB10CA-1457-42CB-A327-62B1D9F7233F}.Release|Any CPU.ActiveCfg = Release|Any CPU
		{66EB10CA-1457-42CB-A327-62B1D9F7233F}.Release|Any CPU.Build.0 = Release|Any CPU
	EndGlobalSection
EndGlobal
