<Solution>
  <Folder Name="/samples/">
    <Project Path="samples\Pico.IoC.Sample\Pico.IoC.Sample.csproj" Type="Classic C#" />
  </Folder>
  <Folder Name="/src/">
    <Project Path="src\Pico.IoC.Abs\Pico.IoC.Abs.csproj" Type="Classic C#" />
    <Project Path="src\Pico.IoC\Pico.IoC.csproj" Type="Classic C#" />
  </Folder>
  <Folder Name="/tests/">
    <Project Path="tests\Pico.IoC.Test\Pico.IoC.Test.csproj" Type="Classic C#" />
  </Folder>
</Solution>