<Solution>
  <Folder Name="/samples/">
    <Project Path="samples\Pico.DI.Sample\Pico.DI.Sample.csproj" Type="Classic C#" />
  </Folder>
  <Folder Name="/src/">
    <Project Path="src\Pico.DI.Abs\Pico.DI.Abs.csproj" Type="Classic C#" />
    <Project Path="src\Pico.DI\Pico.DI.csproj" Type="Classic C#" />
  </Folder>
  <Folder Name="/tests/">
    <Project Path="tests\Pico.DI.Test\Pico.DI.Test.csproj" Type="Classic C#" />
  </Folder>
</Solution>